
Microsoft Visual Studio Solution File, Format Version 12.00
# Visual Studio Version 17
VisualStudioVersion = 17.1.32228.430
MinimumVisualStudioVersion = 10.0.40219.1
Project("{FAE04EC0-301F-11D3-BF4B-00C04F79EFBC}") = "GherkinNet.Language", "GherkinNet.Language\GherkinNet.Language.csproj", "{58B32582-998C-4A07-ACF2-E0CF50BFC9C2}"
EndProject
Project("{9A19103F-16F7-4668-BE54-9A1E7A4F7556}") = "GherkinNet.Tests", "GherkinNet.Tests\GherkinNet.Tests.csproj", "{D7625595-91AC-4D3E-8952-7F9D4622227C}"
EndProject
Global
	GlobalSection(SolutionConfigurationPlatforms) = preSolution
		Debug|Any CPU = Debug|Any CPU
		Release|Any CPU = Release|Any CPU
	EndGlobalSection
	GlobalSection(ProjectConfigurationPlatforms) = postSolution
		{58B32582-998C-4A07-ACF2-E0CF50BFC9C2}.Debug|Any CPU.ActiveCfg = Debug|Any CPU
		{58B32582-998C-4A07-ACF2-E0CF50BFC9C2}.Debug|Any CPU.Build.0 = Debug|Any CPU
		{58B32582-998C-4A07-ACF2-E0CF50BFC9C2}.Release|Any CPU.ActiveCfg = Release|Any CPU
		{58B32582-998C-4A07-ACF2-E0CF50BFC9C2}.Release|Any CPU.Build.0 = Release|Any CPU
		{D7625595-91AC-4D3E-8952-7F9D4622227C}.Debug|Any CPU.ActiveCfg = Debug|Any CPU
		{D7625595-91AC-4D3E-8952-7F9D4622227C}.Debug|Any CPU.Build.0 = Debug|Any CPU
		{D7625595-91AC-4D3E-8952-7F9D4622227C}.Release|Any CPU.ActiveCfg = Release|Any CPU
		{D7625595-91AC-4D3E-8952-7F9D4622227C}.Release|Any CPU.Build.0 = Release|Any CPU
	EndGlobalSection
	GlobalSection(SolutionProperties) = preSolution
		HideSolutionNode = FALSE
	EndGlobalSection
	GlobalSection(ExtensibilityGlobals) = postSolution
		SolutionGuid = {7EB791C5-F67C-46EC-9944-22673A4E1B91}
	EndGlobalSection
EndGlobal
